
Microsoft Visual Studio Solution File, Format Version 12.00
# Visual Studio Version 16
VisualStudioVersion = 16.0.32126.315
MinimumVisualStudioVersion = 10.0.40219.1
Project("{FAE04EC0-301F-11D3-BF4B-00C04F79EFBC}") = "excepciones-cSharp_Martinez Blanca 21211990", "excepciones-cSharp_Martinez Blanca 21211990.csproj", "{832417E7-AB42-44C0-861E-003F7F4CE3C4}"
EndProject
Global
	GlobalSection(SolutionConfigurationPlatforms) = preSolution
		Debug|Any CPU = Debug|Any CPU
		Release|Any CPU = Release|Any CPU
	EndGlobalSection
	GlobalSection(ProjectConfigurationPlatforms) = postSolution
		{832417E7-AB42-44C0-861E-003F7F4CE3C4}.Debug|Any CPU.ActiveCfg = Debug|Any CPU
		{832417E7-AB42-44C0-861E-003F7F4CE3C4}.Debug|Any CPU.Build.0 = Debug|Any CPU
		{832417E7-AB42-44C0-861E-003F7F4CE3C4}.Release|Any CPU.ActiveCfg = Release|Any CPU
		{832417E7-AB42-44C0-861E-003F7F4CE3C4}.Release|Any CPU.Build.0 = Release|Any CPU
	EndGlobalSection
	GlobalSection(SolutionProperties) = preSolution
		HideSolutionNode = FALSE
	EndGlobalSection
	GlobalSection(ExtensibilityGlobals) = postSolution
		SolutionGuid = {67F65550-FE3B-43C0-AD15-FE7A585C153A}
	EndGlobalSection
EndGlobal
